
Microsoft Visual Studio Solution File, Format Version 12.00
# Visual Studio Version 16
VisualStudioVersion = 16.0.29215.179
MinimumVisualStudioVersion = 10.0.40219.1
Project("{FAE04EC0-301F-11D3-BF4B-00C04F79EFBC}") = "ALev_Farm", "ALev_Farm.csproj", "{591C6DF4-B21E-4295-BB87-195B8249CFB3}"
EndProject
Project("{FAE04EC0-301F-11D3-BF4B-00C04F79EFBC}") = "DAL", "..\DAL\DAL.csproj", "{05B25ECC-F042-4D51-8381-6ECB0EA03526}"
EndProject
Project("{FAE04EC0-301F-11D3-BF4B-00C04F79EFBC}") = "Entities", "..\Entities\Entities.csproj", "{B22F4F8B-0DBC-457D-93CF-014A4AC75535}"
EndProject
Project("{FAE04EC0-301F-11D3-BF4B-00C04F79EFBC}") = "Services", "..\Services\Services.csproj", "{DA5AD050-9979-4C5C-994D-24DDA2124CBB}"
EndProject
Project("{9A19103F-16F7-4668-BE54-9A1E7A4F7556}") = "FarmDAL_Tests", "..\FarmDAL_Tests\FarmDAL_Tests.csproj", "{A5C7BE03-D498-44B1-96B2-D63C371B718D}"
EndProject
Project("{FAE04EC0-301F-11D3-BF4B-00C04F79EFBC}") = "FarmServices_TEST", "..\FarmServices_TEST\FarmServices_TEST.csproj", "{563D4E43-AA9A-4C5A-807E-DD167CA6CAE4}"
EndProject
Global
	GlobalSection(SolutionConfigurationPlatforms) = preSolution
		Debug|Any CPU = Debug|Any CPU
		Release|Any CPU = Release|Any CPU
	EndGlobalSection
	GlobalSection(ProjectConfigurationPlatforms) = postSolution
		{591C6DF4-B21E-4295-BB87-195B8249CFB3}.Debug|Any CPU.ActiveCfg = Debug|Any CPU
		{591C6DF4-B21E-4295-BB87-195B8249CFB3}.Debug|Any CPU.Build.0 = Debug|Any CPU
		{591C6DF4-B21E-4295-BB87-195B8249CFB3}.Release|Any CPU.ActiveCfg = Release|Any CPU
		{591C6DF4-B21E-4295-BB87-195B8249CFB3}.Release|Any CPU.Build.0 = Release|Any CPU
		{05B25ECC-F042-4D51-8381-6ECB0EA03526}.Debug|Any CPU.ActiveCfg = Debug|Any CPU
		{05B25ECC-F042-4D51-8381-6ECB0EA03526}.Debug|Any CPU.Build.0 = Debug|Any CPU
		{05B25ECC-F042-4D51-8381-6ECB0EA03526}.Release|Any CPU.ActiveCfg = Release|Any CPU
		{05B25ECC-F042-4D51-8381-6ECB0EA03526}.Release|Any CPU.Build.0 = Release|Any CPU
		{B22F4F8B-0DBC-457D-93CF-014A4AC75535}.Debug|Any CPU.ActiveCfg = Debug|Any CPU
		{B22F4F8B-0DBC-457D-93CF-014A4AC75535}.Debug|Any CPU.Build.0 = Debug|Any CPU
		{B22F4F8B-0DBC-457D-93CF-014A4AC75535}.Release|Any CPU.ActiveCfg = Release|Any CPU
		{B22F4F8B-0DBC-457D-93CF-014A4AC75535}.Release|Any CPU.Build.0 = Release|Any CPU
		{DA5AD050-9979-4C5C-994D-24DDA2124CBB}.Debug|Any CPU.ActiveCfg = Debug|Any CPU
		{DA5AD050-9979-4C5C-994D-24DDA2124CBB}.Debug|Any CPU.Build.0 = Debug|Any CPU
		{DA5AD050-9979-4C5C-994D-24DDA2124CBB}.Release|Any CPU.ActiveCfg = Release|Any CPU
		{DA5AD050-9979-4C5C-994D-24DDA2124CBB}.Release|Any CPU.Build.0 = Release|Any CPU
		{A5C7BE03-D498-44B1-96B2-D63C371B718D}.Debug|Any CPU.ActiveCfg = Debug|Any CPU
		{A5C7BE03-D498-44B1-96B2-D63C371B718D}.Debug|Any CPU.Build.0 = Debug|Any CPU
		{A5C7BE03-D498-44B1-96B2-D63C371B718D}.Release|Any CPU.ActiveCfg = Release|Any CPU
		{A5C7BE03-D498-44B1-96B2-D63C371B718D}.Release|Any CPU.Build.0 = Release|Any CPU
		{563D4E43-AA9A-4C5A-807E-DD167CA6CAE4}.Debug|Any CPU.ActiveCfg = Debug|Any CPU
		{563D4E43-AA9A-4C5A-807E-DD167CA6CAE4}.Debug|Any CPU.Build.0 = Debug|Any CPU
		{563D4E43-AA9A-4C5A-807E-DD167CA6CAE4}.Release|Any CPU.ActiveCfg = Release|Any CPU
		{563D4E43-AA9A-4C5A-807E-DD167CA6CAE4}.Release|Any CPU.Build.0 = Release|Any CPU
	EndGlobalSection
	GlobalSection(SolutionProperties) = preSolution
		HideSolutionNode = FALSE
	EndGlobalSection
	GlobalSection(ExtensibilityGlobals) = postSolution
		SolutionGuid = {C6A45D5A-2105-413B-8358-74D9364FC5E6}
	EndGlobalSection
EndGlobal
